
Microsoft Visual Studio Solution File, Format Version 12.00
# Visual Studio 15
VisualStudioVersion = 15.0.28010.2046
MinimumVisualStudioVersion = 10.0.40219.1
Project("{FAE04EC0-301F-11D3-BF4B-00C04F79EFBC}") = "Task5(pin)", "Task5(pin)\Task5(pin).csproj", "{1DAD1E3F-C712-456D-B913-08C44E6C8557}"
EndProject
Global
	GlobalSection(SolutionConfigurationPlatforms) = preSolution
		Debug|Any CPU = Debug|Any CPU
		Release|Any CPU = Release|Any CPU
	EndGlobalSection
	GlobalSection(ProjectConfigurationPlatforms) = postSolution
		{1DAD1E3F-C712-456D-B913-08C44E6C8557}.Debug|Any CPU.ActiveCfg = Debug|Any CPU
		{1DAD1E3F-C712-456D-B913-08C44E6C8557}.Debug|Any CPU.Build.0 = Debug|Any CPU
		{1DAD1E3F-C712-456D-B913-08C44E6C8557}.Release|Any CPU.ActiveCfg = Release|Any CPU
		{1DAD1E3F-C712-456D-B913-08C44E6C8557}.Release|Any CPU.Build.0 = Release|Any CPU
	EndGlobalSection
	GlobalSection(SolutionProperties) = preSolution
		HideSolutionNode = FALSE
	EndGlobalSection
	GlobalSection(ExtensibilityGlobals) = postSolution
		SolutionGuid = {BB8FA2DE-E354-4A4C-A2DF-390B136AFA48}
	EndGlobalSection
EndGlobal
